// !$*UTF8*$!
{
	archiveVersion = 1;
	classes = {
	};
	objectVersion = 77;
	objects = {

/* Begin PBXBuildFile section */
		AF7B83B22D5E0C3F009E02BF /* Shared.framework in Frameworks */ = {isa = PBXBuildFile; fileRef = AF7B83B12D5E0C3F009E02BF /* Shared.framework */; };
		AF7B83B32D5E0C3F009E02BF /* Shared.framework in Embed Frameworks */ = {isa = PBXBuildFile; fileRef = AF7B83B12D5E0C3F009E02BF /* Shared.framework */; settings = {ATTRIBUTES = (CodeSignOnCopy, RemoveHeadersOnCopy, ); }; };
		AF7B84532D5E44A6009E02BF /* Core.framework in Frameworks */ = {isa = PBXBuildFile; fileRef = AF7B84522D5E44A6009E02BF /* Core.framework */; };
		AF7B84542D5E44A6009E02BF /* Core.framework in Embed Frameworks */ = {isa = PBXBuildFile; fileRef = AF7B84522D5E44A6009E02BF /* Core.framework */; settings = {ATTRIBUTES = (CodeSignOnCopy, RemoveHeadersOnCopy, ); }; };
/* End PBXBuildFile section */

/* Begin PBXContainerItemProxy section */
		AF7B83402D5E0A99009E02BF /* PBXContainerItemProxy */ = {
			isa = PBXContainerItemProxy;
			containerPortal = AF7B83212D5E0A97009E02BF /* Project object */;
			proxyType = 1;
			remoteGlobalIDString = AF7B83282D5E0A97009E02BF;
			remoteInfo = CookIt;
		};
		AF7B834A2D5E0A99009E02BF /* PBXContainerItemProxy */ = {
			isa = PBXContainerItemProxy;
			containerPortal = AF7B83212D5E0A97009E02BF /* Project object */;
			proxyType = 1;
			remoteGlobalIDString = AF7B83282D5E0A97009E02BF;
			remoteInfo = CookIt;
		};
/* End PBXContainerItemProxy section */

/* Begin PBXCopyFilesBuildPhase section */
		AF7B83B42D5E0C3F009E02BF /* Embed Frameworks */ = {
			isa = PBXCopyFilesBuildPhase;
			buildActionMask = 2147483647;
			dstPath = "";
			dstSubfolderSpec = 10;
			files = (
				AF7B83B32D5E0C3F009E02BF /* Shared.framework in Embed Frameworks */,
				AF7B84542D5E44A6009E02BF /* Core.framework in Embed Frameworks */,
			);
			name = "Embed Frameworks";
			runOnlyForDeploymentPostprocessing = 0;
		};
/* End PBXCopyFilesBuildPhase section */

/* Begin PBXFileReference section */
		AF7B83292D5E0A97009E02BF /* CookIt.app */ = {isa = PBXFileReference; explicitFileType = wrapper.application; includeInIndex = 0; path = CookIt.app; sourceTree = BUILT_PRODUCTS_DIR; };
		AF7B833F2D5E0A99009E02BF /* CookItTests.xctest */ = {isa = PBXFileReference; explicitFileType = wrapper.cfbundle; includeInIndex = 0; path = CookItTests.xctest; sourceTree = BUILT_PRODUCTS_DIR; };
		AF7B83492D5E0A99009E02BF /* CookItUITests.xctest */ = {isa = PBXFileReference; explicitFileType = wrapper.cfbundle; includeInIndex = 0; path = CookItUITests.xctest; sourceTree = BUILT_PRODUCTS_DIR; };
		AF7B83B12D5E0C3F009E02BF /* Shared.framework */ = {isa = PBXFileReference; explicitFileType = wrapper.framework; path = Shared.framework; sourceTree = BUILT_PRODUCTS_DIR; };
		AF7B84522D5E44A6009E02BF /* Core.framework */ = {isa = PBXFileReference; explicitFileType = wrapper.framework; path = Core.framework; sourceTree = BUILT_PRODUCTS_DIR; };
/* End PBXFileReference section */

/* Begin PBXFileSystemSynchronizedBuildFileExceptionSet section */
		AF7B83512D5E0A99009E02BF /* Exceptions for "CookIt" folder in "CookIt" target */ = {
			isa = PBXFileSystemSynchronizedBuildFileExceptionSet;
			membershipExceptions = (
				Info.plist,
			);
			target = AF7B83282D5E0A97009E02BF /* CookIt */;
		};
/* End PBXFileSystemSynchronizedBuildFileExceptionSet section */

/* Begin PBXFileSystemSynchronizedRootGroup section */
		AF7B832B2D5E0A97009E02BF /* CookIt */ = {
			isa = PBXFileSystemSynchronizedRootGroup;
			exceptions = (
				AF7B83512D5E0A99009E02BF /* Exceptions for "CookIt" folder in "CookIt" target */,
			);
			path = CookIt;
			sourceTree = "<group>";
		};
		AF7B83422D5E0A99009E02BF /* CookItTests */ = {
			isa = PBXFileSystemSynchronizedRootGroup;
			path = CookItTests;
			sourceTree = "<group>";
		};
		AF7B834C2D5E0A99009E02BF /* CookItUITests */ = {
			isa = PBXFileSystemSynchronizedRootGroup;
			path = CookItUITests;
			sourceTree = "<group>";
		};
/* End PBXFileSystemSynchronizedRootGroup section */

/* Begin PBXFrameworksBuildPhase section */
		AF7B83262D5E0A97009E02BF /* Frameworks */ = {
			isa = PBXFrameworksBuildPhase;
			buildActionMask = 2147483647;
			files = (
				AF7B83B22D5E0C3F009E02BF /* Shared.framework in Frameworks */,
				AF7B84532D5E44A6009E02BF /* Core.framework in Frameworks */,
			);
			runOnlyForDeploymentPostprocessing = 0;
		};
		AF7B833C2D5E0A99009E02BF /* Frameworks */ = {
			isa = PBXFrameworksBuildPhase;
			buildActionMask = 2147483647;
			files = (
			);
			runOnlyForDeploymentPostprocessing = 0;
		};
		AF7B83462D5E0A99009E02BF /* Frameworks */ = {
			isa = PBXFrameworksBuildPhase;
			buildActionMask = 2147483647;
			files = (
			);
			runOnlyForDeploymentPostprocessing = 0;
		};
/* End PBXFrameworksBuildPhase section */

/* Begin PBXGroup section */
		AF7B83202D5E0A97009E02BF = {
			isa = PBXGroup;
			children = (
				AF7B832B2D5E0A97009E02BF /* CookIt */,
				AF7B83422D5E0A99009E02BF /* CookItTests */,
				AF7B834C2D5E0A99009E02BF /* CookItUITests */,
				AF7B83B02D5E0C3F009E02BF /* Frameworks */,
				AF7B832A2D5E0A97009E02BF /* Products */,
			);
			sourceTree = "<group>";
		};
		AF7B832A2D5E0A97009E02BF /* Products */ = {
			isa = PBXGroup;
			children = (
				AF7B83292D5E0A97009E02BF /* CookIt.app */,
				AF7B833F2D5E0A99009E02BF /* CookItTests.xctest */,
				AF7B83492D5E0A99009E02BF /* CookItUITests.xctest */,
			);
			name = Products;
			sourceTree = "<group>";
		};
		AF7B83B02D5E0C3F009E02BF /* Frameworks */ = {
			isa = PBXGroup;
			children = (
				AF7B84522D5E44A6009E02BF /* Core.framework */,
				AF7B83B12D5E0C3F009E02BF /* Shared.framework */,
			);
			name = Frameworks;
			sourceTree = "<group>";
		};
/* End PBXGroup section */

/* Begin PBXNativeTarget section */
		AF7B83282D5E0A97009E02BF /* CookIt */ = {
			isa = PBXNativeTarget;
			buildConfigurationList = AF7B83522D5E0A99009E02BF /* Build configuration list for PBXNativeTarget "CookIt" */;
			buildPhases = (
				AF7B83252D5E0A97009E02BF /* Sources */,
				AF7B83262D5E0A97009E02BF /* Frameworks */,
				AF7B83272D5E0A97009E02BF /* Resources */,
				AF7B83B42D5E0C3F009E02BF /* Embed Frameworks */,
			);
			buildRules = (
			);
			dependencies = (
			);
			fileSystemSynchronizedGroups = (
				AF7B832B2D5E0A97009E02BF /* CookIt */,
			);
			name = CookIt;
			packageProductDependencies = (
			);
			productName = CookIt;
			productReference = AF7B83292D5E0A97009E02BF /* CookIt.app */;
			productType = "com.apple.product-type.application";
		};
		AF7B833E2D5E0A99009E02BF /* CookItTests */ = {
			isa = PBXNativeTarget;
			buildConfigurationList = AF7B83572D5E0A99009E02BF /* Build configuration list for PBXNativeTarget "CookItTests" */;
			buildPhases = (
				AF7B833B2D5E0A99009E02BF /* Sources */,
				AF7B833C2D5E0A99009E02BF /* Frameworks */,
				AF7B833D2D5E0A99009E02BF /* Resources */,
			);
			buildRules = (
			);
			dependencies = (
				AF7B83412D5E0A99009E02BF /* PBXTargetDependency */,
			);
			fileSystemSynchronizedGroups = (
				AF7B83422D5E0A99009E02BF /* CookItTests */,
			);
			name = CookItTests;
			packageProductDependencies = (
			);
			productName = CookItTests;
			productReference = AF7B833F2D5E0A99009E02BF /* CookItTests.xctest */;
			productType = "com.apple.product-type.bundle.unit-test";
		};
		AF7B83482D5E0A99009E02BF /* CookItUITests */ = {
			isa = PBXNativeTarget;
			buildConfigurationList = AF7B835A2D5E0A99009E02BF /* Build configuration list for PBXNativeTarget "CookItUITests" */;
			buildPhases = (
				AF7B83452D5E0A99009E02BF /* Sources */,
				AF7B83462D5E0A99009E02BF /* Frameworks */,
				AF7B83472D5E0A99009E02BF /* Resources */,
			);
			buildRules = (
			);
			dependencies = (
				AF7B834B2D5E0A99009E02BF /* PBXTargetDependency */,
			);
			fileSystemSynchronizedGroups = (
				AF7B834C2D5E0A99009E02BF /* CookItUITests */,
			);
			name = CookItUITests;
			packageProductDependencies = (
			);
			productName = CookItUITests;
			productReference = AF7B83492D5E0A99009E02BF /* CookItUITests.xctest */;
			productType = "com.apple.product-type.bundle.ui-testing";
		};
/* End PBXNativeTarget section */

/* Begin PBXProject section */
		AF7B83212D5E0A97009E02BF /* Project object */ = {
			isa = PBXProject;
			attributes = {
				BuildIndependentTargetsInParallel = 1;
				LastSwiftUpdateCheck = 1620;
				LastUpgradeCheck = 1620;
				TargetAttributes = {
					AF7B83282D5E0A97009E02BF = {
						CreatedOnToolsVersion = 16.2;
					};
					AF7B833E2D5E0A99009E02BF = {
						CreatedOnToolsVersion = 16.2;
						TestTargetID = AF7B83282D5E0A97009E02BF;
					};
					AF7B83482D5E0A99009E02BF = {
						CreatedOnToolsVersion = 16.2;
						TestTargetID = AF7B83282D5E0A97009E02BF;
					};
				};
			};
			buildConfigurationList = AF7B83242D5E0A97009E02BF /* Build configuration list for PBXProject "CookIt" */;
			developmentRegion = en;
			hasScannedForEncodings = 0;
			knownRegions = (
				en,
				Base,
			);
			mainGroup = AF7B83202D5E0A97009E02BF;
			minimizedProjectReferenceProxies = 1;
			preferredProjectObjectVersion = 77;
			productRefGroup = AF7B832A2D5E0A97009E02BF /* Products */;
			projectDirPath = "";
			projectRoot = "";
			targets = (
				AF7B83282D5E0A97009E02BF /* CookIt */,
				AF7B833E2D5E0A99009E02BF /* CookItTests */,
				AF7B83482D5E0A99009E02BF /* CookItUITests */,
			);
		};
/* End PBXProject section */

/* Begin PBXResourcesBuildPhase section */
		AF7B83272D5E0A97009E02BF /* Resources */ = {
			isa = PBXResourcesBuildPhase;
			buildActionMask = 2147483647;
			files = (
			);
			runOnlyForDeploymentPostprocessing = 0;
		};
		AF7B833D2D5E0A99009E02BF /* Resources */ = {
			isa = PBXResourcesBuildPhase;
			buildActionMask = 2147483647;
			files = (
			);
			runOnlyForDeploymentPostprocessing = 0;
		};
		AF7B83472D5E0A99009E02BF /* Resources */ = {
			isa = PBXResourcesBuildPhase;
			buildActionMask = 2147483647;
			files = (
			);
			runOnlyForDeploymentPostprocessing = 0;
		};
/* End PBXResourcesBuildPhase section */

/* Begin PBXSourcesBuildPhase section */
		AF7B83252D5E0A97009E02BF /* Sources */ = {
			isa = PBXSourcesBuildPhase;
			buildActionMask = 2147483647;
			files = (
			);
			runOnlyForDeploymentPostprocessing = 0;
		};
		AF7B833B2D5E0A99009E02BF /* Sources */ = {
			isa = PBXSourcesBuildPhase;
			buildActionMask = 2147483647;
			files = (
			);
			runOnlyForDeploymentPostprocessing = 0;
		};
		AF7B83452D5E0A99009E02BF /* Sources */ = {
			isa = PBXSourcesBuildPhase;
			buildActionMask = 2147483647;
			files = (
			);
			runOnlyForDeploymentPostprocessing = 0;
		};
/* End PBXSourcesBuildPhase section */

/* Begin PBXTargetDependency section */
		AF7B83412D5E0A99009E02BF /* PBXTargetDependency */ = {
			isa = PBXTargetDependency;
			target = AF7B83282D5E0A97009E02BF /* CookIt */;
			targetProxy = AF7B83402D5E0A99009E02BF /* PBXContainerItemProxy */;
		};
		AF7B834B2D5E0A99009E02BF /* PBXTargetDependency */ = {
			isa = PBXTargetDependency;
			target = AF7B83282D5E0A97009E02BF /* CookIt */;
			targetProxy = AF7B834A2D5E0A99009E02BF /* PBXContainerItemProxy */;
		};
/* End PBXTargetDependency section */

/* Begin XCBuildConfiguration section */
		AF7B83532D5E0A99009E02BF /* Debug */ = {
			isa = XCBuildConfiguration;
			buildSettings = {
				ASSETCATALOG_COMPILER_APPICON_NAME = AppIcon;
				ASSETCATALOG_COMPILER_GLOBAL_ACCENT_COLOR_NAME = AccentColor;
				CODE_SIGN_STYLE = Automatic;
				CURRENT_PROJECT_VERSION = 1;
				DEVELOPMENT_TEAM = 7WSF99P4HZ;
				GENERATE_INFOPLIST_FILE = YES;
				INFOPLIST_FILE = CookIt/Info.plist;
				INFOPLIST_KEY_UIApplicationSupportsIndirectInputEvents = YES;
				INFOPLIST_KEY_UILaunchStoryboardName = LaunchScreen;
				INFOPLIST_KEY_UIMainStoryboardFile = Main;
				INFOPLIST_KEY_UISupportedInterfaceOrientations = "UIInterfaceOrientationLandscapeLeft UIInterfaceOrientationLandscapeRight";
				IPHONEOS_DEPLOYMENT_TARGET = 15.6;
				LD_RUNPATH_SEARCH_PATHS = (
					"$(inherited)",
					"@executable_path/Frameworks",
				);
				MARKETING_VERSION = 1.0;
				PRODUCT_BUNDLE_IDENTIFIER = app.web.rtpa.CookIt;
				PRODUCT_NAME = "$(TARGET_NAME)";
				SUPPORTED_PLATFORMS = "iphoneos iphonesimulator";
				SUPPORTS_MACCATALYST = NO;
				SUPPORTS_MAC_DESIGNED_FOR_IPHONE_IPAD = NO;
				SUPPORTS_XR_DESIGNED_FOR_IPHONE_IPAD = NO;
				SWIFT_EMIT_LOC_STRINGS = YES;
				SWIFT_VERSION = 5.0;
				TARGETED_DEVICE_FAMILY = 1;
			};
			name = Debug;
		};
		AF7B83542D5E0A99009E02BF /* Release */ = {
			isa = XCBuildConfiguration;
			buildSettings = {
				ASSETCATALOG_COMPILER_APPICON_NAME = AppIcon;
				ASSETCATALOG_COMPILER_GLOBAL_ACCENT_COLOR_NAME = AccentColor;
				CODE_SIGN_STYLE = Automatic;
				CURRENT_PROJECT_VERSION = 1;
				DEVELOPMENT_TEAM = 7WSF99P4HZ;
				GENERATE_INFOPLIST_FILE = YES;
				INFOPLIST_FILE = CookIt/Info.plist;
				INFOPLIST_KEY_UIApplicationSupportsIndirectInputEvents = YES;
				INFOPLIST_KEY_UILaunchStoryboardName = LaunchScreen;
				INFOPLIST_KEY_UIMainStoryboardFile = Main;
				INFOPLIST_KEY_UISupportedInterfaceOrientations = "UIInterfaceOrientationLandscapeLeft UIInterfaceOrientationLandscapeRight";
				IPHONEOS_DEPLOYMENT_TARGET = 15.6;
				LD_RUNPATH_SEARCH_PATHS = (
					"$(inherited)",
					"@executable_path/Frameworks",
				);
				MARKETING_VERSION = 1.0;
				PRODUCT_BUNDLE_IDENTIFIER = app.web.rtpa.CookIt;
				PRODUCT_NAME = "$(TARGET_NAME)";
				SUPPORTED_PLATFORMS = "iphoneos iphonesimulator";
				SUPPORTS_MACCATALYST = NO;
				SUPPORTS_MAC_DESIGNED_FOR_IPHONE_IPAD = NO;
				SUPPORTS_XR_DESIGNED_FOR_IPHONE_IPAD = NO;
				SWIFT_EMIT_LOC_STRINGS = YES;
				SWIFT_VERSION = 5.0;
				TARGETED_DEVICE_FAMILY = 1;
			};
			name = Release;
		};
		AF7B83552D5E0A99009E02BF /* Debug */ = {
			isa = XCBuildConfiguration;
			buildSettings = {
				ALWAYS_SEARCH_USER_PATHS = NO;
				ASSETCATALOG_COMPILER_GENERATE_SWIFT_ASSET_SYMBOL_EXTENSIONS = YES;
				CLANG_ANALYZER_NONNULL = YES;
				CLANG_ANALYZER_NUMBER_OBJECT_CONVERSION = YES_AGGRESSIVE;
				CLANG_CXX_LANGUAGE_STANDARD = "gnu++20";
				CLANG_ENABLE_MODULES = YES;
				CLANG_ENABLE_OBJC_ARC = YES;
				CLANG_ENABLE_OBJC_WEAK = YES;
				CLANG_WARN_BLOCK_CAPTURE_AUTORELEASING = YES;
				CLANG_WARN_BOOL_CONVERSION = YES;
				CLANG_WARN_COMMA = YES;
				CLANG_WARN_CONSTANT_CONVERSION = YES;
				CLANG_WARN_DEPRECATED_OBJC_IMPLEMENTATIONS = YES;
				CLANG_WARN_DIRECT_OBJC_ISA_USAGE = YES_ERROR;
				CLANG_WARN_DOCUMENTATION_COMMENTS = YES;
				CLANG_WARN_EMPTY_BODY = YES;
				CLANG_WARN_ENUM_CONVERSION = YES;
				CLANG_WARN_INFINITE_RECURSION = YES;
				CLANG_WARN_INT_CONVERSION = YES;
				CLANG_WARN_NON_LITERAL_NULL_CONVERSION = YES;
				CLANG_WARN_OBJC_IMPLICIT_RETAIN_SELF = YES;
				CLANG_WARN_OBJC_LITERAL_CONVERSION = YES;
				CLANG_WARN_OBJC_ROOT_CLASS = YES_ERROR;
				CLANG_WARN_QUOTED_INCLUDE_IN_FRAMEWORK_HEADER = YES;
				CLANG_WARN_RANGE_LOOP_ANALYSIS = YES;
				CLANG_WARN_STRICT_PROTOTYPES = YES;
				CLANG_WARN_SUSPICIOUS_MOVE = YES;
				CLANG_WARN_UNGUARDED_AVAILABILITY = YES_AGGRESSIVE;
				CLANG_WARN_UNREACHABLE_CODE = YES;
				CLANG_WARN__DUPLICATE_METHOD_MATCH = YES;
				COPY_PHASE_STRIP = NO;
				DEBUG_INFORMATION_FORMAT = dwarf;
				ENABLE_STRICT_OBJC_MSGSEND = YES;
				ENABLE_TESTABILITY = YES;
				ENABLE_USER_SCRIPT_SANDBOXING = YES;
				GCC_C_LANGUAGE_STANDARD = gnu17;
				GCC_DYNAMIC_NO_PIC = NO;
				GCC_NO_COMMON_BLOCKS = YES;
				GCC_OPTIMIZATION_LEVEL = 0;
				GCC_PREPROCESSOR_DEFINITIONS = (
					"DEBUG=1",
					"$(inherited)",
				);
				GCC_WARN_64_TO_32_BIT_CONVERSION = YES;
				GCC_WARN_ABOUT_RETURN_TYPE = YES_ERROR;
				GCC_WARN_UNDECLARED_SELECTOR = YES;
				GCC_WARN_UNINITIALIZED_AUTOS = YES_AGGRESSIVE;
				GCC_WARN_UNUSED_FUNCTION = YES;
				GCC_WARN_UNUSED_VARIABLE = YES;
				IPHONEOS_DEPLOYMENT_TARGET = 18.2;
				LOCALIZATION_PREFERS_STRING_CATALOGS = YES;
				MTL_ENABLE_DEBUG_INFO = INCLUDE_SOURCE;
				MTL_FAST_MATH = YES;
				ONLY_ACTIVE_ARCH = YES;
				SDKROOT = iphoneos;
				SWIFT_ACTIVE_COMPILATION_CONDITIONS = "DEBUG $(inherited)";
				SWIFT_OPTIMIZATION_LEVEL = "-Onone";
			};
			name = Debug;
		};
		AF7B83562D5E0A99009E02BF /* Release */ = {
			isa = XCBuildConfiguration;
			buildSettings = {
				ALWAYS_SEARCH_USER_PATHS = NO;
				ASSETCATALOG_COMPILER_GENERATE_SWIFT_ASSET_SYMBOL_EXTENSIONS = YES;
				CLANG_ANALYZER_NONNULL = YES;
				CLANG_ANALYZER_NUMBER_OBJECT_CONVERSION = YES_AGGRESSIVE;
				CLANG_CXX_LANGUAGE_STANDARD = "gnu++20";
				CLANG_ENABLE_MODULES = YES;
				CLANG_ENABLE_OBJC_ARC = YES;
				CLANG_ENABLE_OBJC_WEAK = YES;
				CLANG_WARN_BLOCK_CAPTURE_AUTORELEASING = YES;
				CLANG_WARN_BOOL_CONVERSION = YES;
				CLANG_WARN_COMMA = YES;
				CLANG_WARN_CONSTANT_CONVERSION = YES;
				CLANG_WARN_DEPRECATED_OBJC_IMPLEMENTATIONS = YES;
				CLANG_WARN_DIRECT_OBJC_ISA_USAGE = YES_ERROR;
				CLANG_WARN_DOCUMENTATION_COMMENTS = YES;
				CLANG_WARN_EMPTY_BODY = YES;
				CLANG_WARN_ENUM_CONVERSION = YES;
				CLANG_WARN_INFINITE_RECURSION = YES;
				CLANG_WARN_INT_CONVERSION = YES;
				CLANG_WARN_NON_LITERAL_NULL_CONVERSION = YES;
				CLANG_WARN_OBJC_IMPLICIT_RETAIN_SELF = YES;
				CLANG_WARN_OBJC_LITERAL_CONVERSION = YES;
				CLANG_WARN_OBJC_ROOT_CLASS = YES_ERROR;
				CLANG_WARN_QUOTED_INCLUDE_IN_FRAMEWORK_HEADER = YES;
				CLANG_WARN_RANGE_LOOP_ANALYSIS = YES;
				CLANG_WARN_STRICT_PROTOTYPES = YES;
				CLANG_WARN_SUSPICIOUS_MOVE = YES;
				CLANG_WARN_UNGUARDED_AVAILABILITY = YES_AGGRESSIVE;
				CLANG_WARN_UNREACHABLE_CODE = YES;
				CLANG_WARN__DUPLICATE_METHOD_MATCH = YES;
				COPY_PHASE_STRIP = NO;
				DEBUG_INFORMATION_FORMAT = "dwarf-with-dsym";
				ENABLE_NS_ASSERTIONS = NO;
				ENABLE_STRICT_OBJC_MSGSEND = YES;
				ENABLE_USER_SCRIPT_SANDBOXING = YES;
				GCC_C_LANGUAGE_STANDARD = gnu17;
				GCC_NO_COMMON_BLOCKS = YES;
				GCC_WARN_64_TO_32_BIT_CONVERSION = YES;
				GCC_WARN_ABOUT_RETURN_TYPE = YES_ERROR;
				GCC_WARN_UNDECLARED_SELECTOR = YES;
				GCC_WARN_UNINITIALIZED_AUTOS = YES_AGGRESSIVE;
				GCC_WARN_UNUSED_FUNCTION = YES;
				GCC_WARN_UNUSED_VARIABLE = YES;
				IPHONEOS_DEPLOYMENT_TARGET = 18.2;
				LOCALIZATION_PREFERS_STRING_CATALOGS = YES;
				MTL_ENABLE_DEBUG_INFO = NO;
				MTL_FAST_MATH = YES;
				SDKROOT = iphoneos;
				SWIFT_COMPILATION_MODE = wholemodule;
				VALIDATE_PRODUCT = YES;
			};
			name = Release;
		};
		AF7B83582D5E0A99009E02BF /* Debug */ = {
			isa = XCBuildConfiguration;
			buildSettings = {
				BUNDLE_LOADER = "$(TEST_HOST)";
				CODE_SIGN_STYLE = Automatic;
				CURRENT_PROJECT_VERSION = 1;
				DEVELOPMENT_TEAM = 7WSF99P4HZ;
				GENERATE_INFOPLIST_FILE = YES;
				IPHONEOS_DEPLOYMENT_TARGET = 15.6;
				MARKETING_VERSION = 1.0;
				PRODUCT_BUNDLE_IDENTIFIER = app.web.rtpa.CookItTests;
				PRODUCT_NAME = "$(TARGET_NAME)";
				SWIFT_EMIT_LOC_STRINGS = NO;
				SWIFT_VERSION = 5.0;
				TARGETED_DEVICE_FAMILY = "1,2";
				TEST_HOST = "$(BUILT_PRODUCTS_DIR)/CookIt.app/$(BUNDLE_EXECUTABLE_FOLDER_PATH)/CookIt";
			};
			name = Debug;
		};
		AF7B83592D5E0A99009E02BF /* Release */ = {
			isa = XCBuildConfiguration;
			buildSettings = {
				BUNDLE_LOADER = "$(TEST_HOST)";
				CODE_SIGN_STYLE = Automatic;
				CURRENT_PROJECT_VERSION = 1;
				DEVELOPMENT_TEAM = 7WSF99P4HZ;
				GENERATE_INFOPLIST_FILE = YES;
				IPHONEOS_DEPLOYMENT_TARGET = 15.6;
				MARKETING_VERSION = 1.0;
				PRODUCT_BUNDLE_IDENTIFIER = app.web.rtpa.CookItTests;
				PRODUCT_NAME = "$(TARGET_NAME)";
				SWIFT_EMIT_LOC_STRINGS = NO;
				SWIFT_VERSION = 5.0;
				TARGETED_DEVICE_FAMILY = "1,2";
				TEST_HOST = "$(BUILT_PRODUCTS_DIR)/CookIt.app/$(BUNDLE_EXECUTABLE_FOLDER_PATH)/CookIt";
			};
			name = Release;
		};
		AF7B835B2D5E0A99009E02BF /* Debug */ = {
			isa = XCBuildConfiguration;
			buildSettings = {
				CODE_SIGN_STYLE = Automatic;
				CURRENT_PROJECT_VERSION = 1;
				DEVELOPMENT_TEAM = 7WSF99P4HZ;
				GENERATE_INFOPLIST_FILE = YES;
				IPHONEOS_DEPLOYMENT_TARGET = 15.6;
				MARKETING_VERSION = 1.0;
				PRODUCT_BUNDLE_IDENTIFIER = app.web.rtpa.CookItUITests;
				PRODUCT_NAME = "$(TARGET_NAME)";
				SWIFT_EMIT_LOC_STRINGS = NO;
				SWIFT_VERSION = 5.0;
				TARGETED_DEVICE_FAMILY = "1,2";
				TEST_TARGET_NAME = CookIt;
			};
			name = Debug;
		};
		AF7B835C2D5E0A99009E02BF /* Release */ = {
			isa = XCBuildConfiguration;
			buildSettings = {
				CODE_SIGN_STYLE = Automatic;
				CURRENT_PROJECT_VERSION = 1;
				DEVELOPMENT_TEAM = 7WSF99P4HZ;
				GENERATE_INFOPLIST_FILE = YES;
				IPHONEOS_DEPLOYMENT_TARGET = 15.6;
				MARKETING_VERSION = 1.0;
				PRODUCT_BUNDLE_IDENTIFIER = app.web.rtpa.CookItUITests;
				PRODUCT_NAME = "$(TARGET_NAME)";
				SWIFT_EMIT_LOC_STRINGS = NO;
				SWIFT_VERSION = 5.0;
				TARGETED_DEVICE_FAMILY = "1,2";
				TEST_TARGET_NAME = CookIt;
			};
			name = Release;
		};
/* End XCBuildConfiguration section */

/* Begin XCConfigurationList section */
		AF7B83242D5E0A97009E02BF /* Build configuration list for PBXProject "CookIt" */ = {
			isa = XCConfigurationList;
			buildConfigurations = (
				AF7B83552D5E0A99009E02BF /* Debug */,
				AF7B83562D5E0A99009E02BF /* Release */,
			);
			defaultConfigurationIsVisible = 0;
			defaultConfigurationName = Release;
		};
		AF7B83522D5E0A99009E02BF /* Build configuration list for PBXNativeTarget "CookIt" */ = {
			isa = XCConfigurationList;
			buildConfigurations = (
				AF7B83532D5E0A99009E02BF /* Debug */,
				AF7B83542D5E0A99009E02BF /* Release */,
			);
			defaultConfigurationIsVisible = 0;
			defaultConfigurationName = Release;
		};
		AF7B83572D5E0A99009E02BF /* Build configuration list for PBXNativeTarget "CookItTests" */ = {
			isa = XCConfigurationList;
			buildConfigurations = (
				AF7B83582D5E0A99009E02BF /* Debug */,
				AF7B83592D5E0A99009E02BF /* Release */,
			);
			defaultConfigurationIsVisible = 0;
			defaultConfigurationName = Release;
		};
		AF7B835A2D5E0A99009E02BF /* Build configuration list for PBXNativeTarget "CookItUITests" */ = {
			isa = XCConfigurationList;
			buildConfigurations = (
				AF7B835B2D5E0A99009E02BF /* Debug */,
				AF7B835C2D5E0A99009E02BF /* Release */,
			);
			defaultConfigurationIsVisible = 0;
			defaultConfigurationName = Release;
		};
/* End XCConfigurationList section */
	};
	rootObject = AF7B83212D5E0A97009E02BF /* Project object */;
}
