{
  "originHash" : "0b9c00925b6035d11004da250c7f374924cdd68334e4d5ee794e97a6e3e19788",
  "pins" : [
    {
      "identity" : "instructions",
      "kind" : "remoteSourceControl",
      "location" : "http://github.com/ephread/Instructions",
      "state" : {
        "revision" : "54f50ec058a118107178f641f7475db353080c6d",
        "version" : "2.3.0"
      }
    },
    {
      "identity" : "lottie-ios",
      "kind" : "remoteSourceControl",
      "location" : "https://github.com/airbnb/lottie-ios.git",
      "state" : {
        "revision" : "047aa81b77adcbf583a966dfef620d17650cc656",
        "version" : "4.5.1"
      }
    },
    {
      "identity" : "rcache-swift",
      "kind" : "remoteSourceControl",
      "location" : "https://github.com/rahmat3nanda/RCache-Swift/",
      "state" : {
        "revision" : "5586f1186d2c254b26d34bb5b3d0563a6b27a0d9",
        "version" : "1.0.4"
      }
    }
  ],
  "version" : 3
}
