{
  "originHash" : "24d0a99868bb91fa41f9c3fa03d21eead1a086952a1a8cdb4fe1a374084e94f6",
  "pins" : [
    {
      "identity" : "lottie-ios",
      "kind" : "remoteSourceControl",
      "location" : "https://github.com/airbnb/lottie-ios.git",
      "state" : {
        "revision" : "047aa81b77adcbf583a966dfef620d17650cc656",
        "version" : "4.5.1"
      }
    },
    {
      "identity" : "rcache-swift",
      "kind" : "remoteSourceControl",
      "location" : "https://github.com/rahmat3nanda/RCache-Swift/",
      "state" : {
        "revision" : "5586f1186d2c254b26d34bb5b3d0563a6b27a0d9",
        "version" : "1.0.4"
      }
    }
  ],
  "version" : 3
}
